
Microsoft Visual Studio Solution File, Format Version 12.00
# Visual Studio Version 17
VisualStudioVersion = 17.7.34024.191
MinimumVisualStudioVersion = 10.0.40219.1
Project("{FAE04EC0-301F-11D3-BF4B-00C04F79EFBC}") = "CarServ1", "CarServ1\CarServ1.csproj", "{7DC3CAB5-9275-43E9-A834-D5AD6561376E}"
EndProject
Global
	GlobalSection(SolutionConfigurationPlatforms) = preSolution
		Debug|Any CPU = Debug|Any CPU
		Release|Any CPU = Release|Any CPU
	EndGlobalSection
	GlobalSection(ProjectConfigurationPlatforms) = postSolution
		{7DC3CAB5-9275-43E9-A834-D5AD6561376E}.Debug|Any CPU.ActiveCfg = Debug|Any CPU
		{7DC3CAB5-9275-43E9-A834-D5AD6561376E}.Debug|Any CPU.Build.0 = Debug|Any CPU
		{7DC3CAB5-9275-43E9-A834-D5AD6561376E}.Release|Any CPU.ActiveCfg = Release|Any CPU
		{7DC3CAB5-9275-43E9-A834-D5AD6561376E}.Release|Any CPU.Build.0 = Release|Any CPU
	EndGlobalSection
	GlobalSection(SolutionProperties) = preSolution
		HideSolutionNode = FALSE
	EndGlobalSection
	GlobalSection(ExtensibilityGlobals) = postSolution
		SolutionGuid = {8F9D5316-9106-45A9-921E-A0B7557D3D2B}
	EndGlobalSection
EndGlobal
